SITE
  remote: https://supermarket.getchef.com/api/v1
  specs:
    apt (7.1.1)
    ark (4.0.0)
      build-essential (>= 0.0.0)
      seven_zip (>= 0.0.0)
    build-essential (8.2.1)
      mingw (>= 1.1)
      seven_zip (>= 0.0.0)
    mingw (2.1.0)
      seven_zip (>= 0.0.0)
    nodejs (6.0.0)
      ark (>= 2.0.2)
      build-essential (>= 5.0)
    percolate (0.9.4)
    route53 (2.0.0)
    seven_zip (3.1.0)
      windows (>= 0.0.0)
    windows (5.3.0)

PATH
  remote: vendor/cookbooks/scalient
  specs:
    scalient (0.9.0)
      apt (>= 0.0.0)
      nodejs (>= 0.0.0)
      percolate (>= 0.0.0)
      route53 (>= 0.0.0)

DEPENDENCIES
  scalient (>= 0)

